{
    "requires": true,
    "lockfileVersion": 1,
    "dependencies": {
        "bootstrap": {
            "version": "4.1.3",
            "resolved": "https://registry.npmjs.org/bootstrap/-/bootstrap-4.1.3.tgz",
            "integrity": "sha512-rDFIzgXcof0jDyjNosjv4Sno77X4KuPeFxG2XZZv1/Kc8DRVGVADdoQyyOVDwPqL36DDmtCQbrpMCqvpPLJQ0w=="
        },
        "font-awesome": {
            "version": "4.7.0",
            "resolved": "https://registry.npmjs.org/font-awesome/-/font-awesome-4.7.0.tgz",
            "integrity": "sha1-j6jPBBGhoxr9B7BtKQK7n8gVoTM="
        },
        "inputmask": {
            "version": "4.0.3",
            "resolved": "https://registry.npmjs.org/inputmask/-/inputmask-4.0.3.tgz",
            "integrity": "sha512-4VXomRC/ITucrBFN4L094GSF7VQU+9+8PTld2CuP0Z2WCIlcXbCqq6Pi2JsN6RVOr1uzaEFnTlN58TaECTF8lQ=="
        },
        "jquery": {
            "version": "3.3.1",
            "resolved": "https://registry.npmjs.org/jquery/-/jquery-3.3.1.tgz",
            "integrity": "sha512-Ubldcmxp5np52/ENotGxlLe6aGMvmF4R8S6tZjsP6Knsaxd/xp3Zrh50cG93lR6nPXyUFwzN3ZSOQI0wRJNdGg=="
        },
        "moment": {
            "version": "2.22.2",
            "resolved": "https://registry.npmjs.org/moment/-/moment-2.22.2.tgz",
            "integrity": "sha1-PCV/mDn8DpP/UxSWMiOeuQeD/2Y="
        },
        "moment-timezone": {
            "version": "0.5.21",
            "resolved": "https://registry.npmjs.org/moment-timezone/-/moment-timezone-0.5.21.tgz",
            "integrity": "sha512-j96bAh4otsgj3lKydm3K7kdtA3iKf2m6MY2iSYCzCm5a1zmHo1g+aK3068dDEeocLZQIS9kU8bsdQHLqEvgW0A==",
            "requires": {
                "moment": ">= 2.9.0"
            }
        },
        "popper.js": {
            "version": "1.14.4",
            "resolved": "https://registry.npmjs.org/popper.js/-/popper.js-1.14.4.tgz",
            "integrity": "sha1-juwdj/AqWjoVLdQ0FKFce3n9abY="
        },
        "tempusdominus-bootstrap-4": {
            "version": "5.1.1",
            "resolved": "https://registry.npmjs.org/tempusdominus-bootstrap-4/-/tempusdominus-bootstrap-4-5.1.1.tgz",
            "integrity": "sha512-yRPKXvuJd+h0TIgALaWbibwX8bBs2zeMb1ILS4+Se3JRV2oOnas+9dQQ5iOD0t1l6VLEgVgrA4dNTMpcGZpJAQ==",
            "requires": {
                "bootstrap": ">=4.1.2",
                "jquery": "^3.0",
                "moment": "^2.22.2",
                "moment-timezone": "^0.5.11",
                "popper.js": "^1.14.3"
            }
        }
    }
}
